
Microsoft Visual Studio Solution File, Format Version 12.00
Project("{FAE04EC0-301F-11D3-BF4B-00C04F79EFBC}") = "ClassLibrary", "ClassLibrary\ClassLibrary.csproj", "{7FD98063-D1B7-43E2-ABD1-92086C1C69A2}"
EndProject
Project("{FAE04EC0-301F-11D3-BF4B-00C04F79EFBC}") = "InputService", "InputService\InputService.csproj", "{619ED46E-E5D5-48B4-B389-6C0135D680AD}"
EndProject
Project("{FAE04EC0-301F-11D3-BF4B-00C04F79EFBC}") = "PhysicsService", "PhysicsService\PhysicsService.csproj", "{88E6FB44-6298-4127-860C-6F5430F838DA}"
EndProject
Project("{FAE04EC0-301F-11D3-BF4B-00C04F79EFBC}") = "CollisionService", "CollisionService\CollisionService.csproj", "{00809EA9-AEA0-43E1-A364-EF22F9A58D86}"
EndProject
Project("{FAE04EC0-301F-11D3-BF4B-00C04F79EFBC}") = "WorldService", "WorldService\WorldService.csproj", "{378AC6DC-8A0B-4B6D-B4C7-926A69BC56E4}"
EndProject
Project("{FAE04EC0-301F-11D3-BF4B-00C04F79EFBC}") = "ProfileService", "ProfileService\ProfileService.csproj", "{630824E3-B1C1-4EA1-B626-428143C80D48}"
EndProject
Project("{FAE04EC0-301F-11D3-BF4B-00C04F79EFBC}") = "AIService", "AIService\AIService.csproj", "{892859D0-802E-4BB1-8367-674D06EDF871}"
EndProject
Global
	GlobalSection(SolutionConfigurationPlatforms) = preSolution
		Debug|Any CPU = Debug|Any CPU
		Release|Any CPU = Release|Any CPU
	EndGlobalSection
	GlobalSection(ProjectConfigurationPlatforms) = postSolution
		{7FD98063-D1B7-43E2-ABD1-92086C1C69A2}.Debug|Any CPU.ActiveCfg = Debug|Any CPU
		{7FD98063-D1B7-43E2-ABD1-92086C1C69A2}.Debug|Any CPU.Build.0 = Debug|Any CPU
		{7FD98063-D1B7-43E2-ABD1-92086C1C69A2}.Release|Any CPU.ActiveCfg = Release|Any CPU
		{7FD98063-D1B7-43E2-ABD1-92086C1C69A2}.Release|Any CPU.Build.0 = Release|Any CPU
		{619ED46E-E5D5-48B4-B389-6C0135D680AD}.Debug|Any CPU.ActiveCfg = Debug|Any CPU
		{619ED46E-E5D5-48B4-B389-6C0135D680AD}.Debug|Any CPU.Build.0 = Debug|Any CPU
		{619ED46E-E5D5-48B4-B389-6C0135D680AD}.Release|Any CPU.ActiveCfg = Release|Any CPU
		{619ED46E-E5D5-48B4-B389-6C0135D680AD}.Release|Any CPU.Build.0 = Release|Any CPU
		{88E6FB44-6298-4127-860C-6F5430F838DA}.Debug|Any CPU.ActiveCfg = Debug|Any CPU
		{88E6FB44-6298-4127-860C-6F5430F838DA}.Debug|Any CPU.Build.0 = Debug|Any CPU
		{88E6FB44-6298-4127-860C-6F5430F838DA}.Release|Any CPU.ActiveCfg = Release|Any CPU
		{88E6FB44-6298-4127-860C-6F5430F838DA}.Release|Any CPU.Build.0 = Release|Any CPU
		{00809EA9-AEA0-43E1-A364-EF22F9A58D86}.Debug|Any CPU.ActiveCfg = Debug|Any CPU
		{00809EA9-AEA0-43E1-A364-EF22F9A58D86}.Debug|Any CPU.Build.0 = Debug|Any CPU
		{00809EA9-AEA0-43E1-A364-EF22F9A58D86}.Release|Any CPU.ActiveCfg = Release|Any CPU
		{00809EA9-AEA0-43E1-A364-EF22F9A58D86}.Release|Any CPU.Build.0 = Release|Any CPU
		{378AC6DC-8A0B-4B6D-B4C7-926A69BC56E4}.Debug|Any CPU.ActiveCfg = Debug|Any CPU
		{378AC6DC-8A0B-4B6D-B4C7-926A69BC56E4}.Debug|Any CPU.Build.0 = Debug|Any CPU
		{378AC6DC-8A0B-4B6D-B4C7-926A69BC56E4}.Release|Any CPU.ActiveCfg = Release|Any CPU
		{378AC6DC-8A0B-4B6D-B4C7-926A69BC56E4}.Release|Any CPU.Build.0 = Release|Any CPU
		{630824E3-B1C1-4EA1-B626-428143C80D48}.Debug|Any CPU.ActiveCfg = Debug|Any CPU
		{630824E3-B1C1-4EA1-B626-428143C80D48}.Debug|Any CPU.Build.0 = Debug|Any CPU
		{630824E3-B1C1-4EA1-B626-428143C80D48}.Release|Any CPU.ActiveCfg = Release|Any CPU
		{630824E3-B1C1-4EA1-B626-428143C80D48}.Release|Any CPU.Build.0 = Release|Any CPU
		{892859D0-802E-4BB1-8367-674D06EDF871}.Debug|Any CPU.ActiveCfg = Debug|Any CPU
		{892859D0-802E-4BB1-8367-674D06EDF871}.Debug|Any CPU.Build.0 = Debug|Any CPU
		{892859D0-802E-4BB1-8367-674D06EDF871}.Release|Any CPU.ActiveCfg = Release|Any CPU
		{892859D0-802E-4BB1-8367-674D06EDF871}.Release|Any CPU.Build.0 = Release|Any CPU
	EndGlobalSection
EndGlobal
